
Microsoft Visual Studio Solution File, Format Version 12.00
# Visual Studio 15
VisualStudioVersion = 15.0.28307.572
MinimumVisualStudioVersion = 10.0.40219.1
Project("{FAE04EC0-301F-11D3-BF4B-00C04F79EFBC}") = "CoreValueTest", "CoreValueTest\CoreValueTest.csproj", "{0FD9EB9B-1518-46FC-B880-53F62344367E}"
EndProject
Project("{FAE04EC0-301F-11D3-BF4B-00C04F79EFBC}") = "CoreValueTestPizzas", "CoreValueTestPizzas\CoreValueTestPizzas.csproj", "{9FCAEBFA-E459-462E-ACFA-835982AA9426}"
EndProject
Global
	GlobalSection(SolutionConfigurationPlatforms) = preSolution
		Debug|Any CPU = Debug|Any CPU
		Release|Any CPU = Release|Any CPU
	EndGlobalSection
	GlobalSection(ProjectConfigurationPlatforms) = postSolution
		{0FD9EB9B-1518-46FC-B880-53F62344367E}.Debug|Any CPU.ActiveCfg = Debug|Any CPU
		{0FD9EB9B-1518-46FC-B880-53F62344367E}.Debug|Any CPU.Build.0 = Debug|Any CPU
		{0FD9EB9B-1518-46FC-B880-53F62344367E}.Release|Any CPU.ActiveCfg = Release|Any CPU
		{0FD9EB9B-1518-46FC-B880-53F62344367E}.Release|Any CPU.Build.0 = Release|Any CPU
		{9FCAEBFA-E459-462E-ACFA-835982AA9426}.Debug|Any CPU.ActiveCfg = Debug|Any CPU
		{9FCAEBFA-E459-462E-ACFA-835982AA9426}.Debug|Any CPU.Build.0 = Debug|Any CPU
		{9FCAEBFA-E459-462E-ACFA-835982AA9426}.Release|Any CPU.ActiveCfg = Release|Any CPU
		{9FCAEBFA-E459-462E-ACFA-835982AA9426}.Release|Any CPU.Build.0 = Release|Any CPU
	EndGlobalSection
	GlobalSection(SolutionProperties) = preSolution
		HideSolutionNode = FALSE
	EndGlobalSection
	GlobalSection(ExtensibilityGlobals) = postSolution
		SolutionGuid = {65AF2C96-709A-4D62-94A4-3157A4F12768}
	EndGlobalSection
EndGlobal
